// !$*UTF8*$!
{
	archiveVersion = 1;
	classes = {
	};
	objectVersion = 50;
	objects = {

/* Begin PBXBuildFile section */
		3915EB2D221EF2EF00B5857D /* TODOLIST.xcdatamodeld in Sources */ = {isa = PBXBuildFile; fileRef = 3915EB2B221EF2EF00B5857D /* TODOLIST.xcdatamodeld */; };
		392662A72221DD5800F9388D /* NotificationProcessor.swift in Sources */ = {isa = PBXBuildFile; fileRef = 392662A62221DD5800F9388D /* NotificationProcessor.swift */; };
		392F52342226F8B7001C3F96 /* Assets.xcassets in Resources */ = {isa = PBXBuildFile; fileRef = 392F52332226F8B7001C3F96 /* Assets.xcassets */; };
		392F523A2227EFE2001C3F96 /* BedtimeSetViewController.swift in Sources */ = {isa = PBXBuildFile; fileRef = 392F52392227EFE2001C3F96 /* BedtimeSetViewController.swift */; };
		393DCE7D221AB387003B26BA /* ViewController.swift in Sources */ = {isa = PBXBuildFile; fileRef = 393DCE7C221AB387003B26BA /* ViewController.swift */; };
		393DCE80221AB387003B26BA /* Main.storyboard in Resources */ = {isa = PBXBuildFile; fileRef = 393DCE7E221AB387003B26BA /* Main.storyboard */; };
		393DCE85221AB387003B26BA /* LaunchScreen.storyboard in Resources */ = {isa = PBXBuildFile; fileRef = 393DCE83221AB387003B26BA /* LaunchScreen.storyboard */; };
		393DCE8D221AB6FB003B26BA /* HistoryViewController.swift in Sources */ = {isa = PBXBuildFile; fileRef = 393DCE8C221AB6FB003B26BA /* HistoryViewController.swift */; };
		393DCE8F221AB703003B26BA /* MoreViewController.swift in Sources */ = {isa = PBXBuildFile; fileRef = 393DCE8E221AB703003B26BA /* MoreViewController.swift */; };
		395B6D6A2229710D0088B687 /* TODOLIST.xcdatamodeld in Sources */ = {isa = PBXBuildFile; fileRef = 3915EB2B221EF2EF00B5857D /* TODOLIST.xcdatamodeld */; };
		395B6D6E222974B60088B687 /* AppDelegate.swift in Sources */ = {isa = PBXBuildFile; fileRef = 393DCE7A221AB387003B26BA /* AppDelegate.swift */; };
		395B6D7322299C220088B687 /* AppDelegate.swift in Sources */ = {isa = PBXBuildFile; fileRef = 393DCE7A221AB387003B26BA /* AppDelegate.swift */; };
		395B6D962229AE920088B687 /* CoreDataStack.swift in Sources */ = {isa = PBXBuildFile; fileRef = 395B6D952229AE920088B687 /* CoreDataStack.swift */; };
		395B6D972229AFE70088B687 /* CoreDataStack.swift in Sources */ = {isa = PBXBuildFile; fileRef = 395B6D952229AE920088B687 /* CoreDataStack.swift */; };
		399DDDCF223A2D5100767E22 /* HistoryTableViewCell.swift in Sources */ = {isa = PBXBuildFile; fileRef = 399DDDCE223A2D5100767E22 /* HistoryTableViewCell.swift */; };
		39A3F35A2223DB6D006CFB2A /* map_pinup_custom@3x.png in Resources */ = {isa = PBXBuildFile; fileRef = 39A3F3342223DB6D006CFB2A /* map_pinup_custom@3x.png */; };
		39A3F35B2223DB6D006CFB2A /* map_pin_custom.png in Resources */ = {isa = PBXBuildFile; fileRef = 39A3F3352223DB6D006CFB2A /* map_pin_custom.png */; };
		39A3F35C2223DB6D006CFB2A /* shadow_balloon.png in Resources */ = {isa = PBXBuildFile; fileRef = 39A3F3362223DB6D006CFB2A /* shadow_balloon.png */; };
		39A3F35D2223DB6D006CFB2A /* map_pinup.png in Resources */ = {isa = PBXBuildFile; fileRef = 39A3F3372223DB6D006CFB2A /* map_pinup.png */; };
		39A3F35E2223DB6D006CFB2A /* detail_button.png in Resources */ = {isa = PBXBuildFile; fileRef = 39A3F3382223DB6D006CFB2A /* detail_button.png */; };
		39A3F35F2223DB6D006CFB2A /* map_pin_custom@3x.png in Resources */ = {isa = PBXBuildFile; fileRef = 39A3F3392223DB6D006CFB2A /* map_pin_custom@3x.png */; };
		39A3F3602223DB6D006CFB2A /* map_pinup@3x.png in Resources */ = {isa = PBXBuildFile; fileRef = 39A3F33A2223DB6D006CFB2A /* map_pinup@3x.png */; };
		39A3F3612223DB6D006CFB2A /* map_pin_shadow@3x.png in Resources */ = {isa = PBXBuildFile; fileRef = 39A3F33B2223DB6D006CFB2A /* map_pin_shadow@3x.png */; };
		39A3F3622223DB6D006CFB2A /* copyright.png in Resources */ = {isa = PBXBuildFile; fileRef = 39A3F33C2223DB6D006CFB2A /* copyright.png */; };
		39A3F3632223DB6D006CFB2A /* th_line.png in Resources */ = {isa = PBXBuildFile; fileRef = 39A3F33D2223DB6D006CFB2A /* th_line.png */; };
		39A3F3642223DB6D006CFB2A /* map_pin_red@3x.png in Resources */ = {isa = PBXBuildFile; fileRef = 39A3F33E2223DB6D006CFB2A /* map_pin_red@3x.png */; };
		39A3F3652223DB6D006CFB2A /* DaumMap in Frameworks */ = {isa = PBXBuildFile; fileRef = 39A3F33F2223DB6D006CFB2A /* DaumMap */; };
		39A3F3662223DB6D006CFB2A /* daum_copyright.png in Resources */ = {isa = PBXBuildFile; fileRef = 39A3F3402223DB6D006CFB2A /* daum_copyright.png */; };
		39A3F3672223DB6D006CFB2A /* map_pin@3x.png in Resources */ = {isa = PBXBuildFile; fileRef = 39A3F3412223DB6D006CFB2A /* map_pin@3x.png */; };
		39A3F3682223DB6D006CFB2A /* map_present_tracking.png in Resources */ = {isa = PBXBuildFile; fileRef = 39A3F3422223DB6D006CFB2A /* map_present_tracking.png */; };
		39A3F3692223DB6D006CFB2A /* map_pin_red.png in Resources */ = {isa = PBXBuildFile; fileRef = 39A3F3432223DB6D006CFB2A /* map_pin_red.png */; };
		39A3F36A2223DB6D006CFB2A /* info_box.png in Resources */ = {isa = PBXBuildFile; fileRef = 39A3F34D2223DB6D006CFB2A /* info_box.png */; };
		39A3F36B2223DB6D006CFB2A /* point_sprite.png in Resources */ = {isa = PBXBuildFile; fileRef = 39A3F34E2223DB6D006CFB2A /* point_sprite.png */; };
		39A3F36C2223DB6D006CFB2A /* map_pinup_custom.png in Resources */ = {isa = PBXBuildFile; fileRef = 39A3F34F2223DB6D006CFB2A /* map_pinup_custom.png */; };
		39A3F36D2223DB6D006CFB2A /* info_box_tail.png in Resources */ = {isa = PBXBuildFile; fileRef = 39A3F3502223DB6D006CFB2A /* info_box_tail.png */; };
		39A3F36E2223DB6D006CFB2A /* noimage256.png in Resources */ = {isa = PBXBuildFile; fileRef = 39A3F3512223DB6D006CFB2A /* noimage256.png */; };
		39A3F36F2223DB6D006CFB2A /* map_present_direction.png in Resources */ = {isa = PBXBuildFile; fileRef = 39A3F3522223DB6D006CFB2A /* map_present_direction.png */; };
		39A3F3702223DB6D006CFB2A /* map_pin.png in Resources */ = {isa = PBXBuildFile; fileRef = 39A3F3532223DB6D006CFB2A /* map_pin.png */; };
		39A3F3712223DB6D006CFB2A /* map_present.png in Resources */ = {isa = PBXBuildFile; fileRef = 39A3F3542223DB6D006CFB2A /* map_present.png */; };
		39A3F3722223DB6D006CFB2A /* noimage.png in Resources */ = {isa = PBXBuildFile; fileRef = 39A3F3552223DB6D006CFB2A /* noimage.png */; };
		39A3F3732223DB6D006CFB2A /* map_present_background_update.png in Resources */ = {isa = PBXBuildFile; fileRef = 39A3F3562223DB6D006CFB2A /* map_present_background_update.png */; };
		39A3F3742223DB6D006CFB2A /* daum_th_line.png in Resources */ = {isa = PBXBuildFile; fileRef = 39A3F3572223DB6D006CFB2A /* daum_th_line.png */; };
		39A3F3752223DB6D006CFB2A /* map_pin_shadow.png in Resources */ = {isa = PBXBuildFile; fileRef = 39A3F3582223DB6D006CFB2A /* map_pin_shadow.png */; };
		39A3F3762223DB6D006CFB2A /* DaumMap.framework in Frameworks */ = {isa = PBXBuildFile; fileRef = 39A3F3592223DB6D006CFB2A /* DaumMap.framework */; };
		39A3F3772223DBE8006CFB2A /* DaumMap.framework in Frameworks */ = {isa = PBXBuildFile; fileRef = 39A3F3592223DB6D006CFB2A /* DaumMap.framework */; };
		39A3F3782223DBE8006CFB2A /* DaumMap.framework in Embed Frameworks */ = {isa = PBXBuildFile; fileRef = 39A3F3592223DB6D006CFB2A /* DaumMap.framework */; settings = {ATTRIBUTES = (CodeSignOnCopy, RemoveHeadersOnCopy, ); }; };
		39A3F37C2223DC3E006CFB2A /* OpenGLES.framework in Frameworks */ = {isa = PBXBuildFile; fileRef = 39A3F37B2223DC3E006CFB2A /* OpenGLES.framework */; };
		39A3F37E2223DC4C006CFB2A /* SystemConfiguration.framework in Frameworks */ = {isa = PBXBuildFile; fileRef = 39A3F37D2223DC4C006CFB2A /* SystemConfiguration.framework */; };
		39A3F3802223DC59006CFB2A /* CoreLocation.framework in Frameworks */ = {isa = PBXBuildFile; fileRef = 39A3F37F2223DC59006CFB2A /* CoreLocation.framework */; };
		39A3F3822223DC5F006CFB2A /* QuartzCore.framework in Frameworks */ = {isa = PBXBuildFile; fileRef = 39A3F3812223DC5F006CFB2A /* QuartzCore.framework */; };
		39A3F3842223DC73006CFB2A /* libc++.tbd in Frameworks */ = {isa = PBXBuildFile; fileRef = 39A3F3832223DC73006CFB2A /* libc++.tbd */; };
		39A3F3862223DC7C006CFB2A /* libxml2.tbd in Frameworks */ = {isa = PBXBuildFile; fileRef = 39A3F3852223DC7C006CFB2A /* libxml2.tbd */; };
		39A3F3882223DC87006CFB2A /* libsqlite3.tbd in Frameworks */ = {isa = PBXBuildFile; fileRef = 39A3F3872223DC87006CFB2A /* libsqlite3.tbd */; };
		39A3F38E2223E00C006CFB2A /* MapViewController.swift in Sources */ = {isa = PBXBuildFile; fileRef = 39A3F38D2223E00C006CFB2A /* MapViewController.swift */; };
		39A3F397222507BD006CFB2A /* LocationSearchResult.swift in Sources */ = {isa = PBXBuildFile; fileRef = 39A3F396222507BD006CFB2A /* LocationSearchResult.swift */; };
		39A3F3992225732A006CFB2A /* Location.swift in Sources */ = {isa = PBXBuildFile; fileRef = 39A3F3982225732A006CFB2A /* Location.swift */; };
		39E08F70221CE3200029C1B3 /* WriteViewController.swift in Sources */ = {isa = PBXBuildFile; fileRef = 39E08F6F221CE3200029C1B3 /* WriteViewController.swift */; };
		39ED9149222AF7ED008E951F /* NotificationProcessor.swift in Sources */ = {isa = PBXBuildFile; fileRef = 392662A62221DD5800F9388D /* NotificationProcessor.swift */; };
		39F5A3112226D0BE00ED7579 /* TodayTableViewCell.swift in Sources */ = {isa = PBXBuildFile; fileRef = 39F5A3102226D0BE00ED7579 /* TodayTableViewCell.swift */; };
		39F5A3132226D10400ED7579 /* TomorrowTableViewCell.swift in Sources */ = {isa = PBXBuildFile; fileRef = 39F5A3122226D10400ED7579 /* TomorrowTableViewCell.swift */; };
		39FA47EF2228481A00694BF6 /* NotificationCenter.framework in Frameworks */ = {isa = PBXBuildFile; fileRef = 39FA47EE2228481A00694BF6 /* NotificationCenter.framework */; };
		39FA47F22228481A00694BF6 /* TodayViewController.swift in Sources */ = {isa = PBXBuildFile; fileRef = 39FA47F12228481A00694BF6 /* TodayViewController.swift */; };
		39FA47F52228481A00694BF6 /* MainInterface.storyboard in Resources */ = {isa = PBXBuildFile; fileRef = 39FA47F32228481A00694BF6 /* MainInterface.storyboard */; };
		39FA47F92228481A00694BF6 /* Widget.appex in Embed App Extensions */ = {isa = PBXBuildFile; fileRef = 39FA47ED2228481A00694BF6 /* Widget.appex */; settings = {ATTRIBUTES = (RemoveHeadersOnCopy, ); }; };
		39FA47FE22285DB300694BF6 /* Assets.xcassets in Resources */ = {isa = PBXBuildFile; fileRef = 392F52332226F8B7001C3F96 /* Assets.xcassets */; };
		3CA81E8E83EAFDB73198397A /* Pods_Widget.framework in Frameworks */ = {isa = PBXBuildFile; fileRef = 122AD97344F6C865F934393E /* Pods_Widget.framework */; };
		E40E9A2CD8DD054F61BB7AA3 /* Pods_TODOLIST.framework in Frameworks */ = {isa = PBXBuildFile; fileRef = 0FE3BE3EA93762FA249A7DFE /* Pods_TODOLIST.framework */; };
/* End PBXBuildFile section */

/* Begin PBXContainerItemProxy section */
		39FA47F72228481A00694BF6 /* PBXContainerItemProxy */ = {
			isa = PBXContainerItemProxy;
			containerPortal = 393DCE6F221AB387003B26BA /* Project object */;
			proxyType = 1;
			remoteGlobalIDString = 39FA47EC2228481A00694BF6;
			remoteInfo = Widget;
		};
/* End PBXContainerItemProxy section */

/* Begin PBXCopyFilesBuildPhase section */
		39A3F3792223DBE9006CFB2A /* Embed Frameworks */ = {
			isa = PBXCopyFilesBuildPhase;
			buildActionMask = 2147483647;
			dstPath = "";
			dstSubfolderSpec = 10;
			files = (
				39A3F3782223DBE8006CFB2A /* DaumMap.framework in Embed Frameworks */,
			);
			name = "Embed Frameworks";
			runOnlyForDeploymentPostprocessing = 0;
		};
		39FA47FD2228481A00694BF6 /* Embed App Extensions */ = {
			isa = PBXCopyFilesBuildPhase;
			buildActionMask = 2147483647;
			dstPath = "";
			dstSubfolderSpec = 13;
			files = (
				39FA47F92228481A00694BF6 /* Widget.appex in Embed App Extensions */,
			);
			name = "Embed App Extensions";
			runOnlyForDeploymentPostprocessing = 0;
		};
/* End PBXCopyFilesBuildPhase section */

/* Begin PBXFileReference section */
		08AD5C927A6F6FFF238510FD /* Pods-TODOLIST.release.xcconfig */ = {isa = PBXFileReference; includeInIndex = 1; lastKnownFileType = text.xcconfig; name = "Pods-TODOLIST.release.xcconfig"; path = "Pods/Target Support Files/Pods-TODOLIST/Pods-TODOLIST.release.xcconfig"; sourceTree = "<group>"; };
		0FE3BE3EA93762FA249A7DFE /* Pods_TODOLIST.framework */ = {isa = PBXFileReference; explicitFileType = wrapper.framework; includeInIndex = 0; path = Pods_TODOLIST.framework; sourceTree = BUILT_PRODUCTS_DIR; };
		122AD97344F6C865F934393E /* Pods_Widget.framework */ = {isa = PBXFileReference; explicitFileType = wrapper.framework; includeInIndex = 0; path = Pods_Widget.framework; sourceTree = BUILT_PRODUCTS_DIR; };
		152A2392D741390876EC427F /* Pods-TODOLIST.debug.xcconfig */ = {isa = PBXFileReference; includeInIndex = 1; lastKnownFileType = text.xcconfig; name = "Pods-TODOLIST.debug.xcconfig"; path = "Pods/Target Support Files/Pods-TODOLIST/Pods-TODOLIST.debug.xcconfig"; sourceTree = "<group>"; };
		3915EB2C221EF2EF00B5857D /* TODOLIST.xcdatamodel */ = {isa = PBXFileReference; lastKnownFileType = wrapper.xcdatamodel; path = TODOLIST.xcdatamodel; sourceTree = "<group>"; };
		392662A62221DD5800F9388D /* NotificationProcessor.swift */ = {isa = PBXFileReference; lastKnownFileType = sourcecode.swift; path = NotificationProcessor.swift; sourceTree = "<group>"; };
		392F52332226F8B7001C3F96 /* Assets.xcassets */ = {isa = PBXFileReference; lastKnownFileType = folder.assetcatalog; path = Assets.xcassets; sourceTree = "<group>"; };
		392F52392227EFE2001C3F96 /* BedtimeSetViewController.swift */ = {isa = PBXFileReference; lastKnownFileType = sourcecode.swift; path = BedtimeSetViewController.swift; sourceTree = "<group>"; };
		393DCE77221AB387003B26BA /* TODOLIST.app */ = {isa = PBXFileReference; explicitFileType = wrapper.application; includeInIndex = 0; path = TODOLIST.app; sourceTree = BUILT_PRODUCTS_DIR; };
		393DCE7A221AB387003B26BA /* AppDelegate.swift */ = {isa = PBXFileReference; lastKnownFileType = sourcecode.swift; path = AppDelegate.swift; sourceTree = "<group>"; };
		393DCE7C221AB387003B26BA /* ViewController.swift */ = {isa = PBXFileReference; lastKnownFileType = sourcecode.swift; path = ViewController.swift; sourceTree = "<group>"; };
		393DCE7F221AB387003B26BA /* Base */ = {isa = PBXFileReference; lastKnownFileType = file.storyboard; name = Base; path = Base.lproj/Main.storyboard; sourceTree = "<group>"; };
		393DCE84221AB387003B26BA /* Base */ = {isa = PBXFileReference; lastKnownFileType = file.storyboard; name = Base; path = Base.lproj/LaunchScreen.storyboard; sourceTree = "<group>"; };
		393DCE86221AB387003B26BA /* Info.plist */ = {isa = PBXFileReference; lastKnownFileType = text.plist.xml; path = Info.plist; sourceTree = "<group>"; };
		393DCE8C221AB6FB003B26BA /* HistoryViewController.swift */ = {isa = PBXFileReference; lastKnownFileType = sourcecode.swift; path = HistoryViewController.swift; sourceTree = "<group>"; };
		393DCE8E221AB703003B26BA /* MoreViewController.swift */ = {isa = PBXFileReference; lastKnownFileType = sourcecode.swift; path = MoreViewController.swift; sourceTree = "<group>"; };
		395B6D6F222975B90088B687 /* Widget.entitlements */ = {isa = PBXFileReference; lastKnownFileType = text.plist.entitlements; path = Widget.entitlements; sourceTree = "<group>"; };
		395B6D70222992FA0088B687 /* TODOLIST.entitlements */ = {isa = PBXFileReference; lastKnownFileType = text.plist.entitlements; path = TODOLIST.entitlements; sourceTree = "<group>"; };
		395B6D952229AE920088B687 /* CoreDataStack.swift */ = {isa = PBXFileReference; lastKnownFileType = sourcecode.swift; path = CoreDataStack.swift; sourceTree = "<group>"; };
		399DDDCE223A2D5100767E22 /* HistoryTableViewCell.swift */ = {isa = PBXFileReference; lastKnownFileType = sourcecode.swift; path = HistoryTableViewCell.swift; sourceTree = "<group>"; };
		39A3F3342223DB6D006CFB2A /* map_pinup_custom@3x.png */ = {isa = PBXFileReference; lastKnownFileType = image.png; path = "map_pinup_custom@3x.png"; sourceTree = "<group>"; };
		39A3F3352223DB6D006CFB2A /* map_pin_custom.png */ = {isa = PBXFileReference; lastKnownFileType = image.png; path = map_pin_custom.png; sourceTree = "<group>"; };
		39A3F3362223DB6D006CFB2A /* shadow_balloon.png */ = {isa = PBXFileReference; lastKnownFileType = image.png; path = shadow_balloon.png; sourceTree = "<group>"; };
		39A3F3372223DB6D006CFB2A /* map_pinup.png */ = {isa = PBXFileReference; lastKnownFileType = image.png; path = map_pinup.png; sourceTree = "<group>"; };
		39A3F3382223DB6D006CFB2A /* detail_button.png */ = {isa = PBXFileReference; lastKnownFileType = image.png; path = detail_button.png; sourceTree = "<group>"; };
		39A3F3392223DB6D006CFB2A /* map_pin_custom@3x.png */ = {isa = PBXFileReference; lastKnownFileType = image.png; path = "map_pin_custom@3x.png"; sourceTree = "<group>"; };
		39A3F33A2223DB6D006CFB2A /* map_pinup@3x.png */ = {isa = PBXFileReference; lastKnownFileType = image.png; path = "map_pinup@3x.png"; sourceTree = "<group>"; };
		39A3F33B2223DB6D006CFB2A /* map_pin_shadow@3x.png */ = {isa = PBXFileReference; lastKnownFileType = image.png; path = "map_pin_shadow@3x.png"; sourceTree = "<group>"; };
		39A3F33C2223DB6D006CFB2A /* copyright.png */ = {isa = PBXFileReference; lastKnownFileType = image.png; path = copyright.png; sourceTree = "<group>"; };
		39A3F33D2223DB6D006CFB2A /* th_line.png */ = {isa = PBXFileReference; lastKnownFileType = image.png; path = th_line.png; sourceTree = "<group>"; };
		39A3F33E2223DB6D006CFB2A /* map_pin_red@3x.png */ = {isa = PBXFileReference; lastKnownFileType = image.png; path = "map_pin_red@3x.png"; sourceTree = "<group>"; };
		39A3F33F2223DB6D006CFB2A /* DaumMap */ = {isa = PBXFileReference; lastKnownFileType = archive.ar; path = DaumMap; sourceTree = "<group>"; };
		39A3F3402223DB6D006CFB2A /* daum_copyright.png */ = {isa = PBXFileReference; lastKnownFileType = image.png; path = daum_copyright.png; sourceTree = "<group>"; };
		39A3F3412223DB6D006CFB2A /* map_pin@3x.png */ = {isa = PBXFileReference; lastKnownFileType = image.png; path = "map_pin@3x.png"; sourceTree = "<group>"; };
		39A3F3422223DB6D006CFB2A /* map_present_tracking.png */ = {isa = PBXFileReference; lastKnownFileType = image.png; path = map_present_tracking.png; sourceTree = "<group>"; };
		39A3F3432223DB6D006CFB2A /* map_pin_red.png */ = {isa = PBXFileReference; lastKnownFileType = image.png; path = map_pin_red.png; sourceTree = "<group>"; };
		39A3F3452223DB6D006CFB2A /* MTMapPOIItem.h */ = {isa = PBXFileReference; fileEncoding = 4; lastKnownFileType = sourcecode.c.h; path = MTMapPOIItem.h; sourceTree = "<group>"; };
		39A3F3462223DB6D006CFB2A /* MTMapCameraUpdate.h */ = {isa = PBXFileReference; fileEncoding = 4; lastKnownFileType = sourcecode.c.h; path = MTMapCameraUpdate.h; sourceTree = "<group>"; };
		39A3F3472223DB6D006CFB2A /* MTMapReverseGeoCoder.h */ = {isa = PBXFileReference; fileEncoding = 4; lastKnownFileType = sourcecode.c.h; path = MTMapReverseGeoCoder.h; sourceTree = "<group>"; };
		39A3F3482223DB6D006CFB2A /* MTMapPolyline.h */ = {isa = PBXFileReference; fileEncoding = 4; lastKnownFileType = sourcecode.c.h; path = MTMapPolyline.h; sourceTree = "<group>"; };
		39A3F3492223DB6D006CFB2A /* MTMapLocationMarkerItem.h */ = {isa = PBXFileReference; fileEncoding = 4; lastKnownFileType = sourcecode.c.h; path = MTMapLocationMarkerItem.h; sourceTree = "<group>"; };
		39A3F34A2223DB6D006CFB2A /* MTMapView.h */ = {isa = PBXFileReference; fileEncoding = 4; lastKnownFileType = sourcecode.c.h; path = MTMapView.h; sourceTree = "<group>"; };
		39A3F34B2223DB6D006CFB2A /* MTMapGeometry.h */ = {isa = PBXFileReference; fileEncoding = 4; lastKnownFileType = sourcecode.c.h; path = MTMapGeometry.h; sourceTree = "<group>"; };
		39A3F34C2223DB6D006CFB2A /* MTMapCircle.h */ = {isa = PBXFileReference; fileEncoding = 4; lastKnownFileType = sourcecode.c.h; path = MTMapCircle.h; sourceTree = "<group>"; };
		39A3F34D2223DB6D006CFB2A /* info_box.png */ = {isa = PBXFileReference; lastKnownFileType = image.png; path = info_box.png; sourceTree = "<group>"; };
		39A3F34E2223DB6D006CFB2A /* point_sprite.png */ = {isa = PBXFileReference; lastKnownFileType = image.png; path = point_sprite.png; sourceTree = "<group>"; };
		39A3F34F2223DB6D006CFB2A /* map_pinup_custom.png */ = {isa = PBXFileReference; lastKnownFileType = image.png; path = map_pinup_custom.png; sourceTree = "<group>"; };
		39A3F3502223DB6D006CFB2A /* info_box_tail.png */ = {isa = PBXFileReference; lastKnownFileType = image.png; path = info_box_tail.png; sourceTree = "<group>"; };
		39A3F3512223DB6D006CFB2A /* noimage256.png */ = {isa = PBXFileReference; lastKnownFileType = image.png; path = noimage256.png; sourceTree = "<group>"; };
		39A3F3522223DB6D006CFB2A /* map_present_direction.png */ = {isa = PBXFileReference; lastKnownFileType = image.png; path = map_present_direction.png; sourceTree = "<group>"; };
		39A3F3532223DB6D006CFB2A /* map_pin.png */ = {isa = PBXFileReference; lastKnownFileType = image.png; path = map_pin.png; sourceTree = "<group>"; };
		39A3F3542223DB6D006CFB2A /* map_present.png */ = {isa = PBXFileReference; lastKnownFileType = image.png; path = map_present.png; sourceTree = "<group>"; };
		39A3F3552223DB6D006CFB2A /* noimage.png */ = {isa = PBXFileReference; lastKnownFileType = image.png; path = noimage.png; sourceTree = "<group>"; };
		39A3F3562223DB6D006CFB2A /* map_present_background_update.png */ = {isa = PBXFileReference; lastKnownFileType = image.png; path = map_present_background_update.png; sourceTree = "<group>"; };
		39A3F3572223DB6D006CFB2A /* daum_th_line.png */ = {isa = PBXFileReference; lastKnownFileType = image.png; path = daum_th_line.png; sourceTree = "<group>"; };
		39A3F3582223DB6D006CFB2A /* map_pin_shadow.png */ = {isa = PBXFileReference; lastKnownFileType = image.png; path = map_pin_shadow.png; sourceTree = "<group>"; };
		39A3F3592223DB6D006CFB2A /* DaumMap.framework */ = {isa = PBXFileReference; lastKnownFileType = wrapper.framework; path = DaumMap.framework; sourceTree = "<group>"; };
		39A3F37B2223DC3E006CFB2A /* OpenGLES.framework */ = {isa = PBXFileReference; lastKnownFileType = wrapper.framework; name = OpenGLES.framework; path = System/Library/Frameworks/OpenGLES.framework; sourceTree = SDKROOT; };
		39A3F37D2223DC4C006CFB2A /* SystemConfiguration.framework */ = {isa = PBXFileReference; lastKnownFileType = wrapper.framework; name = SystemConfiguration.framework; path = System/Library/Frameworks/SystemConfiguration.framework; sourceTree = SDKROOT; };
		39A3F37F2223DC59006CFB2A /* CoreLocation.framework */ = {isa = PBXFileReference; lastKnownFileType = wrapper.framework; name = CoreLocation.framework; path = System/Library/Frameworks/CoreLocation.framework; sourceTree = SDKROOT; };
		39A3F3812223DC5F006CFB2A /* QuartzCore.framework */ = {isa = PBXFileReference; lastKnownFileType = wrapper.framework; name = QuartzCore.framework; path = System/Library/Frameworks/QuartzCore.framework; sourceTree = SDKROOT; };
		39A3F3832223DC73006CFB2A /* libc++.tbd */ = {isa = PBXFileReference; lastKnownFileType = "sourcecode.text-based-dylib-definition"; name = "libc++.tbd"; path = "usr/lib/libc++.tbd"; sourceTree = SDKROOT; };
		39A3F3852223DC7C006CFB2A /* libxml2.tbd */ = {isa = PBXFileReference; lastKnownFileType = "sourcecode.text-based-dylib-definition"; name = libxml2.tbd; path = usr/lib/libxml2.tbd; sourceTree = SDKROOT; };
		39A3F3872223DC87006CFB2A /* libsqlite3.tbd */ = {isa = PBXFileReference; lastKnownFileType = "sourcecode.text-based-dylib-definition"; name = libsqlite3.tbd; path = usr/lib/libsqlite3.tbd; sourceTree = SDKROOT; };
		39A3F38D2223E00C006CFB2A /* MapViewController.swift */ = {isa = PBXFileReference; lastKnownFileType = sourcecode.swift; path = MapViewController.swift; sourceTree = "<group>"; };
		39A3F38F2223E056006CFB2A /* BridgingHeader.h */ = {isa = PBXFileReference; lastKnownFileType = sourcecode.c.h; path = BridgingHeader.h; sourceTree = "<group>"; };
		39A3F396222507BD006CFB2A /* LocationSearchResult.swift */ = {isa = PBXFileReference; lastKnownFileType = sourcecode.swift; path = LocationSearchResult.swift; sourceTree = "<group>"; };
		39A3F3982225732A006CFB2A /* Location.swift */ = {isa = PBXFileReference; lastKnownFileType = sourcecode.swift; path = Location.swift; sourceTree = "<group>"; };
		39E08F6F221CE3200029C1B3 /* WriteViewController.swift */ = {isa = PBXFileReference; lastKnownFileType = sourcecode.swift; path = WriteViewController.swift; sourceTree = "<group>"; };
		39F5A3102226D0BE00ED7579 /* TodayTableViewCell.swift */ = {isa = PBXFileReference; lastKnownFileType = sourcecode.swift; path = TodayTableViewCell.swift; sourceTree = "<group>"; };
		39F5A3122226D10400ED7579 /* TomorrowTableViewCell.swift */ = {isa = PBXFileReference; lastKnownFileType = sourcecode.swift; path = TomorrowTableViewCell.swift; sourceTree = "<group>"; };
		39FA47ED2228481A00694BF6 /* Widget.appex */ = {isa = PBXFileReference; explicitFileType = "wrapper.app-extension"; includeInIndex = 0; path = Widget.appex; sourceTree = BUILT_PRODUCTS_DIR; };
		39FA47EE2228481A00694BF6 /* NotificationCenter.framework */ = {isa = PBXFileReference; lastKnownFileType = wrapper.framework; name = NotificationCenter.framework; path = System/Library/Frameworks/NotificationCenter.framework; sourceTree = SDKROOT; };
		39FA47F12228481A00694BF6 /* TodayViewController.swift */ = {isa = PBXFileReference; lastKnownFileType = sourcecode.swift; path = TodayViewController.swift; sourceTree = "<group>"; };
		39FA47F42228481A00694BF6 /* Base */ = {isa = PBXFileReference; lastKnownFileType = file.storyboard; name = Base; path = Base.lproj/MainInterface.storyboard; sourceTree = "<group>"; };
		39FA47F62228481A00694BF6 /* Info.plist */ = {isa = PBXFileReference; lastKnownFileType = text.plist.xml; path = Info.plist; sourceTree = "<group>"; };
		6755A27F4D6075AFBC751801 /* Pods-Widget.debug.xcconfig */ = {isa = PBXFileReference; includeInIndex = 1; lastKnownFileType = text.xcconfig; name = "Pods-Widget.debug.xcconfig"; path = "Pods/Target Support Files/Pods-Widget/Pods-Widget.debug.xcconfig"; sourceTree = "<group>"; };
		76DD0C029FE242102D86FFE7 /* Pods-Widget.release.xcconfig */ = {isa = PBXFileReference; includeInIndex = 1; lastKnownFileType = text.xcconfig; name = "Pods-Widget.release.xcconfig"; path = "Pods/Target Support Files/Pods-Widget/Pods-Widget.release.xcconfig"; sourceTree = "<group>"; };
/* End PBXFileReference section */

/* Begin PBXFrameworksBuildPhase section */
		393DCE74221AB387003B26BA /* Frameworks */ = {
			isa = PBXFrameworksBuildPhase;
			buildActionMask = 2147483647;
			files = (
				39A3F3882223DC87006CFB2A /* libsqlite3.tbd in Frameworks */,
				39A3F3862223DC7C006CFB2A /* libxml2.tbd in Frameworks */,
				39A3F3842223DC73006CFB2A /* libc++.tbd in Frameworks */,
				39A3F3822223DC5F006CFB2A /* QuartzCore.framework in Frameworks */,
				39A3F3802223DC59006CFB2A /* CoreLocation.framework in Frameworks */,
				39A3F37E2223DC4C006CFB2A /* SystemConfiguration.framework in Frameworks */,
				39A3F37C2223DC3E006CFB2A /* OpenGLES.framework in Frameworks */,
				39A3F3762223DB6D006CFB2A /* DaumMap.framework in Frameworks */,
				39A3F3772223DBE8006CFB2A /* DaumMap.framework in Frameworks */,
				39A3F3652223DB6D006CFB2A /* DaumMap in Frameworks */,
				E40E9A2CD8DD054F61BB7AA3 /* Pods_TODOLIST.framework in Frameworks */,
			);
			runOnlyForDeploymentPostprocessing = 0;
		};
		39FA47EA2228481A00694BF6 /* Frameworks */ = {
			isa = PBXFrameworksBuildPhase;
			buildActionMask = 2147483647;
			files = (
				39FA47EF2228481A00694BF6 /* NotificationCenter.framework in Frameworks */,
				3CA81E8E83EAFDB73198397A /* Pods_Widget.framework in Frameworks */,
			);
			runOnlyForDeploymentPostprocessing = 0;
		};
/* End PBXFrameworksBuildPhase section */

/* Begin PBXGroup section */
		3915EB2E221F129500B5857D /* Models */ = {
			isa = PBXGroup;
			children = (
				392662A62221DD5800F9388D /* NotificationProcessor.swift */,
				39A3F396222507BD006CFB2A /* LocationSearchResult.swift */,
				39A3F3982225732A006CFB2A /* Location.swift */,
			);
			path = Models;
			sourceTree = "<group>";
		};
		393DCE6E221AB387003B26BA = {
			isa = PBXGroup;
			children = (
				393DCE79221AB387003B26BA /* TODOLIST */,
				39FA47F02228481A00694BF6 /* Widget */,
				393DCE78221AB387003B26BA /* Products */,
				39A3F3322223DB6D006CFB2A /* DaumMap.embeddedframework */,
				39A3F37A2223DC3E006CFB2A /* Frameworks */,
				A9AD388A02A4E8F2801E83BF /* Pods */,
			);
			sourceTree = "<group>";
		};
		393DCE78221AB387003B26BA /* Products */ = {
			isa = PBXGroup;
			children = (
				393DCE77221AB387003B26BA /* TODOLIST.app */,
				39FA47ED2228481A00694BF6 /* Widget.appex */,
			);
			name = Products;
			sourceTree = "<group>";
		};
		393DCE79221AB387003B26BA /* TODOLIST */ = {
			isa = PBXGroup;
			children = (
				395B6D70222992FA0088B687 /* TODOLIST.entitlements */,
				393DCE7A221AB387003B26BA /* AppDelegate.swift */,
				3915EB2E221F129500B5857D /* Models */,
				39F5A3142226D10E00ED7579 /* TableVIewCells */,
				393DCE90221AB709003B26BA /* ViewControllers */,
				393DCE7E221AB387003B26BA /* Main.storyboard */,
				393DCE83221AB387003B26BA /* LaunchScreen.storyboard */,
				392F52332226F8B7001C3F96 /* Assets.xcassets */,
				393DCE86221AB387003B26BA /* Info.plist */,
				3915EB2B221EF2EF00B5857D /* TODOLIST.xcdatamodeld */,
				39A3F38F2223E056006CFB2A /* BridgingHeader.h */,
				395B6D952229AE920088B687 /* CoreDataStack.swift */,
			);
			path = TODOLIST;
			sourceTree = "<group>";
		};
		393DCE90221AB709003B26BA /* ViewControllers */ = {
			isa = PBXGroup;
			children = (
				398BE1E72230FC950040C8DC /* TodolistTapViewControllers */,
				393DCE8C221AB6FB003B26BA /* HistoryViewController.swift */,
				393DCE8E221AB703003B26BA /* MoreViewController.swift */,
			);
			path = ViewControllers;
			sourceTree = "<group>";
		};
		398BE1E72230FC950040C8DC /* TodolistTapViewControllers */ = {
			isa = PBXGroup;
			children = (
				393DCE7C221AB387003B26BA /* ViewController.swift */,
				392F52392227EFE2001C3F96 /* BedtimeSetViewController.swift */,
				39E08F6F221CE3200029C1B3 /* WriteViewController.swift */,
				39A3F38D2223E00C006CFB2A /* MapViewController.swift */,
			);
			path = TodolistTapViewControllers;
			sourceTree = "<group>";
		};
		399DDDD0223A2D5B00767E22 /* TodolistTapTableViewCells */ = {
			isa = PBXGroup;
			children = (
				39F5A3102226D0BE00ED7579 /* TodayTableViewCell.swift */,
				39F5A3122226D10400ED7579 /* TomorrowTableViewCell.swift */,
			);
			path = TodolistTapTableViewCells;
			sourceTree = "<group>";
		};
		39A3F3322223DB6D006CFB2A /* DaumMap.embeddedframework */ = {
			isa = PBXGroup;
			children = (
				39A3F3332223DB6D006CFB2A /* Resources */,
				39A3F3592223DB6D006CFB2A /* DaumMap.framework */,
			);
			path = DaumMap.embeddedframework;
			sourceTree = "<group>";
		};
		39A3F3332223DB6D006CFB2A /* Resources */ = {
			isa = PBXGroup;
			children = (
				39A3F3342223DB6D006CFB2A /* map_pinup_custom@3x.png */,
				39A3F3352223DB6D006CFB2A /* map_pin_custom.png */,
				39A3F3362223DB6D006CFB2A /* shadow_balloon.png */,
				39A3F3372223DB6D006CFB2A /* map_pinup.png */,
				39A3F3382223DB6D006CFB2A /* detail_button.png */,
				39A3F3392223DB6D006CFB2A /* map_pin_custom@3x.png */,
				39A3F33A2223DB6D006CFB2A /* map_pinup@3x.png */,
				39A3F33B2223DB6D006CFB2A /* map_pin_shadow@3x.png */,
				39A3F33C2223DB6D006CFB2A /* copyright.png */,
				39A3F33D2223DB6D006CFB2A /* th_line.png */,
				39A3F33E2223DB6D006CFB2A /* map_pin_red@3x.png */,
				39A3F33F2223DB6D006CFB2A /* DaumMap */,
				39A3F3402223DB6D006CFB2A /* daum_copyright.png */,
				39A3F3412223DB6D006CFB2A /* map_pin@3x.png */,
				39A3F3422223DB6D006CFB2A /* map_present_tracking.png */,
				39A3F3432223DB6D006CFB2A /* map_pin_red.png */,
				39A3F3442223DB6D006CFB2A /* Headers */,
				39A3F34D2223DB6D006CFB2A /* info_box.png */,
				39A3F34E2223DB6D006CFB2A /* point_sprite.png */,
				39A3F34F2223DB6D006CFB2A /* map_pinup_custom.png */,
				39A3F3502223DB6D006CFB2A /* info_box_tail.png */,
				39A3F3512223DB6D006CFB2A /* noimage256.png */,
				39A3F3522223DB6D006CFB2A /* map_present_direction.png */,
				39A3F3532223DB6D006CFB2A /* map_pin.png */,
				39A3F3542223DB6D006CFB2A /* map_present.png */,
				39A3F3552223DB6D006CFB2A /* noimage.png */,
				39A3F3562223DB6D006CFB2A /* map_present_background_update.png */,
				39A3F3572223DB6D006CFB2A /* daum_th_line.png */,
				39A3F3582223DB6D006CFB2A /* map_pin_shadow.png */,
			);
			path = Resources;
			sourceTree = "<group>";
		};
		39A3F3442223DB6D006CFB2A /* Headers */ = {
			isa = PBXGroup;
			children = (
				39A3F3452223DB6D006CFB2A /* MTMapPOIItem.h */,
				39A3F3462223DB6D006CFB2A /* MTMapCameraUpdate.h */,
				39A3F3472223DB6D006CFB2A /* MTMapReverseGeoCoder.h */,
				39A3F3482223DB6D006CFB2A /* MTMapPolyline.h */,
				39A3F3492223DB6D006CFB2A /* MTMapLocationMarkerItem.h */,
				39A3F34A2223DB6D006CFB2A /* MTMapView.h */,
				39A3F34B2223DB6D006CFB2A /* MTMapGeometry.h */,
				39A3F34C2223DB6D006CFB2A /* MTMapCircle.h */,
			);
			path = Headers;
			sourceTree = "<group>";
		};
		39A3F37A2223DC3E006CFB2A /* Frameworks */ = {
			isa = PBXGroup;
			children = (
				39A3F3872223DC87006CFB2A /* libsqlite3.tbd */,
				39A3F3852223DC7C006CFB2A /* libxml2.tbd */,
				39A3F3832223DC73006CFB2A /* libc++.tbd */,
				39A3F3812223DC5F006CFB2A /* QuartzCore.framework */,
				39A3F37F2223DC59006CFB2A /* CoreLocation.framework */,
				39A3F37D2223DC4C006CFB2A /* SystemConfiguration.framework */,
				39A3F37B2223DC3E006CFB2A /* OpenGLES.framework */,
				39FA47EE2228481A00694BF6 /* NotificationCenter.framework */,
				0FE3BE3EA93762FA249A7DFE /* Pods_TODOLIST.framework */,
				122AD97344F6C865F934393E /* Pods_Widget.framework */,
			);
			name = Frameworks;
			sourceTree = "<group>";
		};
		39F5A3142226D10E00ED7579 /* TableVIewCells */ = {
			isa = PBXGroup;
			children = (
				399DDDD0223A2D5B00767E22 /* TodolistTapTableViewCells */,
				399DDDCE223A2D5100767E22 /* HistoryTableViewCell.swift */,
			);
			path = TableVIewCells;
			sourceTree = "<group>";
		};
		39FA47F02228481A00694BF6 /* Widget */ = {
			isa = PBXGroup;
			children = (
				395B6D6F222975B90088B687 /* Widget.entitlements */,
				39FA47F12228481A00694BF6 /* TodayViewController.swift */,
				39FA47F32228481A00694BF6 /* MainInterface.storyboard */,
				39FA47F62228481A00694BF6 /* Info.plist */,
			);
			path = Widget;
			sourceTree = "<group>";
		};
		A9AD388A02A4E8F2801E83BF /* Pods */ = {
			isa = PBXGroup;
			children = (
				152A2392D741390876EC427F /* Pods-TODOLIST.debug.xcconfig */,
				08AD5C927A6F6FFF238510FD /* Pods-TODOLIST.release.xcconfig */,
				6755A27F4D6075AFBC751801 /* Pods-Widget.debug.xcconfig */,
				76DD0C029FE242102D86FFE7 /* Pods-Widget.release.xcconfig */,
			);
			name = Pods;
			sourceTree = "<group>";
		};
/* End PBXGroup section */

/* Begin PBXNativeTarget section */
		393DCE76221AB387003B26BA /* TODOLIST */ = {
			isa = PBXNativeTarget;
			buildConfigurationList = 393DCE89221AB387003B26BA /* Build configuration list for PBXNativeTarget "TODOLIST" */;
			buildPhases = (
				161447F9AD40A0A8C0D33F2C /* [CP] Check Pods Manifest.lock */,
				393DCE73221AB387003B26BA /* Sources */,
				393DCE74221AB387003B26BA /* Frameworks */,
				393DCE75221AB387003B26BA /* Resources */,
				39A3F3792223DBE9006CFB2A /* Embed Frameworks */,
				39FA47FD2228481A00694BF6 /* Embed App Extensions */,
				2175CC1AF73D5B37F744F305 /* [CP] Embed Pods Frameworks */,
			);
			buildRules = (
			);
			dependencies = (
				39FA47F82228481A00694BF6 /* PBXTargetDependency */,
			);
			name = TODOLIST;
			productName = TODOLIST;
			productReference = 393DCE77221AB387003B26BA /* TODOLIST.app */;
			productType = "com.apple.product-type.application";
		};
		39FA47EC2228481A00694BF6 /* Widget */ = {
			isa = PBXNativeTarget;
			buildConfigurationList = 39FA47FC2228481A00694BF6 /* Build configuration list for PBXNativeTarget "Widget" */;
			buildPhases = (
				43F93F3EA4C13CD17DD72127 /* [CP] Check Pods Manifest.lock */,
				39FA47E92228481A00694BF6 /* Sources */,
				39FA47EA2228481A00694BF6 /* Frameworks */,
				39FA47EB2228481A00694BF6 /* Resources */,
			);
			buildRules = (
			);
			dependencies = (
			);
			name = Widget;
			productName = Widget;
			productReference = 39FA47ED2228481A00694BF6 /* Widget.appex */;
			productType = "com.apple.product-type.app-extension";
		};
/* End PBXNativeTarget section */

/* Begin PBXProject section */
		393DCE6F221AB387003B26BA /* Project object */ = {
			isa = PBXProject;
			attributes = {
				LastSwiftUpdateCheck = 1010;
				LastUpgradeCheck = 1010;
				ORGANIZATIONNAME = RAK;
				TargetAttributes = {
					393DCE76221AB387003B26BA = {
						CreatedOnToolsVersion = 10.1;
						SystemCapabilities = {
							com.apple.ApplicationGroups.iOS = {
								enabled = 1;
							};
						};
					};
					39FA47EC2228481A00694BF6 = {
						CreatedOnToolsVersion = 10.1;
						SystemCapabilities = {
							com.apple.ApplicationGroups.iOS = {
								enabled = 1;
							};
						};
					};
				};
			};
			buildConfigurationList = 393DCE72221AB387003B26BA /* Build configuration list for PBXProject "TODOLIST" */;
			compatibilityVersion = "Xcode 9.3";
			developmentRegion = en;
			hasScannedForEncodings = 0;
			knownRegions = (
				en,
				Base,
			);
			mainGroup = 393DCE6E221AB387003B26BA;
			productRefGroup = 393DCE78221AB387003B26BA /* Products */;
			projectDirPath = "";
			projectRoot = "";
			targets = (
				393DCE76221AB387003B26BA /* TODOLIST */,
				39FA47EC2228481A00694BF6 /* Widget */,
			);
		};
/* End PBXProject section */

/* Begin PBXResourcesBuildPhase section */
		393DCE75221AB387003B26BA /* Resources */ = {
			isa = PBXResourcesBuildPhase;
			buildActionMask = 2147483647;
			files = (
				39A3F3712223DB6D006CFB2A /* map_present.png in Resources */,
				39A3F3672223DB6D006CFB2A /* map_pin@3x.png in Resources */,
				39A3F3642223DB6D006CFB2A /* map_pin_red@3x.png in Resources */,
				39A3F3702223DB6D006CFB2A /* map_pin.png in Resources */,
				392F52342226F8B7001C3F96 /* Assets.xcassets in Resources */,
				39A3F3692223DB6D006CFB2A /* map_pin_red.png in Resources */,
				39A3F35A2223DB6D006CFB2A /* map_pinup_custom@3x.png in Resources */,
				39A3F3622223DB6D006CFB2A /* copyright.png in Resources */,
				39A3F3612223DB6D006CFB2A /* map_pin_shadow@3x.png in Resources */,
				393DCE85221AB387003B26BA /* LaunchScreen.storyboard in Resources */,
				39A3F3662223DB6D006CFB2A /* daum_copyright.png in Resources */,
				39A3F36A2223DB6D006CFB2A /* info_box.png in Resources */,
				39A3F35F2223DB6D006CFB2A /* map_pin_custom@3x.png in Resources */,
				39A3F3752223DB6D006CFB2A /* map_pin_shadow.png in Resources */,
				39A3F3682223DB6D006CFB2A /* map_present_tracking.png in Resources */,
				39A3F35E2223DB6D006CFB2A /* detail_button.png in Resources */,
				39A3F3722223DB6D006CFB2A /* noimage.png in Resources */,
				39A3F3632223DB6D006CFB2A /* th_line.png in Resources */,
				39A3F36D2223DB6D006CFB2A /* info_box_tail.png in Resources */,
				39A3F35B2223DB6D006CFB2A /* map_pin_custom.png in Resources */,
				39A3F36C2223DB6D006CFB2A /* map_pinup_custom.png in Resources */,
				39A3F3602223DB6D006CFB2A /* map_pinup@3x.png in Resources */,
				39A3F36B2223DB6D006CFB2A /* point_sprite.png in Resources */,
				39A3F3732223DB6D006CFB2A /* map_present_background_update.png in Resources */,
				39A3F36F2223DB6D006CFB2A /* map_present_direction.png in Resources */,
				39A3F36E2223DB6D006CFB2A /* noimage256.png in Resources */,
				39A3F35C2223DB6D006CFB2A /* shadow_balloon.png in Resources */,
				393DCE80221AB387003B26BA /* Main.storyboard in Resources */,
				39A3F3742223DB6D006CFB2A /* daum_th_line.png in Resources */,
				39A3F35D2223DB6D006CFB2A /* map_pinup.png in Resources */,
			);
			runOnlyForDeploymentPostprocessing = 0;
		};
		39FA47EB2228481A00694BF6 /* Resources */ = {
			isa = PBXResourcesBuildPhase;
			buildActionMask = 2147483647;
			files = (
				39FA47FE22285DB300694BF6 /* Assets.xcassets in Resources */,
				39FA47F52228481A00694BF6 /* MainInterface.storyboard in Resources */,
			);
			runOnlyForDeploymentPostprocessing = 0;
		};
/* End PBXResourcesBuildPhase section */

/* Begin PBXShellScriptBuildPhase section */
		161447F9AD40A0A8C0D33F2C /* [CP] Check Pods Manifest.lock */ = {
			isa = PBXShellScriptBuildPhase;
			buildActionMask = 2147483647;
			files = (
			);
			inputFileListPaths = (
			);
			inputPaths = (
				"${PODS_PODFILE_DIR_PATH}/Podfile.lock",
				"${PODS_ROOT}/Manifest.lock",
			);
			name = "[CP] Check Pods Manifest.lock";
			outputFileListPaths = (
			);
			outputPaths = (
				"$(DERIVED_FILE_DIR)/Pods-TODOLIST-checkManifestLockResult.txt",
			);
			runOnlyForDeploymentPostprocessing = 0;
			shellPath = /bin/sh;
			shellScript = "diff \"${PODS_PODFILE_DIR_PATH}/Podfile.lock\" \"${PODS_ROOT}/Manifest.lock\" > /dev/null\nif [ $? != 0 ] ; then\n    # print error to STDERR\n    echo \"error: The sandbox is not in sync with the Podfile.lock. Run 'pod install' or update your CocoaPods installation.\" >&2\n    exit 1\nfi\n# This output is used by Xcode 'outputs' to avoid re-running this script phase.\necho \"SUCCESS\" > \"${SCRIPT_OUTPUT_FILE_0}\"\n";
			showEnvVarsInLog = 0;
		};
		2175CC1AF73D5B37F744F305 /* [CP] Embed Pods Frameworks */ = {
			isa = PBXShellScriptBuildPhase;
			buildActionMask = 2147483647;
			files = (
			);
			inputFileListPaths = (
			);
			inputPaths = (
				"${SRCROOT}/Pods/Target Support Files/Pods-TODOLIST/Pods-TODOLIST-frameworks.sh",
				"${BUILT_PRODUCTS_DIR}/FSCalendar/FSCalendar.framework",
			);
			name = "[CP] Embed Pods Frameworks";
			outputFileListPaths = (
			);
			outputPaths = (
				"${TARGET_BUILD_DIR}/${FRAMEWORKS_FOLDER_PATH}/FSCalendar.framework",
			);
			runOnlyForDeploymentPostprocessing = 0;
			shellPath = /bin/sh;
			shellScript = "\"${SRCROOT}/Pods/Target Support Files/Pods-TODOLIST/Pods-TODOLIST-frameworks.sh\"\n";
			showEnvVarsInLog = 0;
		};
		43F93F3EA4C13CD17DD72127 /* [CP] Check Pods Manifest.lock */ = {
			isa = PBXShellScriptBuildPhase;
			buildActionMask = 2147483647;
			files = (
			);
			inputFileListPaths = (
			);
			inputPaths = (
				"${PODS_PODFILE_DIR_PATH}/Podfile.lock",
				"${PODS_ROOT}/Manifest.lock",
			);
			name = "[CP] Check Pods Manifest.lock";
			outputFileListPaths = (
			);
			outputPaths = (
				"$(DERIVED_FILE_DIR)/Pods-Widget-checkManifestLockResult.txt",
			);
			runOnlyForDeploymentPostprocessing = 0;
			shellPath = /bin/sh;
			shellScript = "diff \"${PODS_PODFILE_DIR_PATH}/Podfile.lock\" \"${PODS_ROOT}/Manifest.lock\" > /dev/null\nif [ $? != 0 ] ; then\n    # print error to STDERR\n    echo \"error: The sandbox is not in sync with the Podfile.lock. Run 'pod install' or update your CocoaPods installation.\" >&2\n    exit 1\nfi\n# This output is used by Xcode 'outputs' to avoid re-running this script phase.\necho \"SUCCESS\" > \"${SCRIPT_OUTPUT_FILE_0}\"\n";
			showEnvVarsInLog = 0;
		};
/* End PBXShellScriptBuildPhase section */

/* Begin PBXSourcesBuildPhase section */
		393DCE73221AB387003B26BA /* Sources */ = {
			isa = PBXSourcesBuildPhase;
			buildActionMask = 2147483647;
			files = (
				39F5A3112226D0BE00ED7579 /* TodayTableViewCell.swift in Sources */,
				393DCE8D221AB6FB003B26BA /* HistoryViewController.swift in Sources */,
				39F5A3132226D10400ED7579 /* TomorrowTableViewCell.swift in Sources */,
				393DCE8F221AB703003B26BA /* MoreViewController.swift in Sources */,
				395B6D6E222974B60088B687 /* AppDelegate.swift in Sources */,
				39A3F3992225732A006CFB2A /* Location.swift in Sources */,
				393DCE7D221AB387003B26BA /* ViewController.swift in Sources */,
				395B6D962229AE920088B687 /* CoreDataStack.swift in Sources */,
				3915EB2D221EF2EF00B5857D /* TODOLIST.xcdatamodeld in Sources */,
				399DDDCF223A2D5100767E22 /* HistoryTableViewCell.swift in Sources */,
				39A3F397222507BD006CFB2A /* LocationSearchResult.swift in Sources */,
				392F523A2227EFE2001C3F96 /* BedtimeSetViewController.swift in Sources */,
				39E08F70221CE3200029C1B3 /* WriteViewController.swift in Sources */,
				392662A72221DD5800F9388D /* NotificationProcessor.swift in Sources */,
				39A3F38E2223E00C006CFB2A /* MapViewController.swift in Sources */,
			);
			runOnlyForDeploymentPostprocessing = 0;
		};
		39FA47E92228481A00694BF6 /* Sources */ = {
			isa = PBXSourcesBuildPhase;
			buildActionMask = 2147483647;
			files = (
				395B6D7322299C220088B687 /* AppDelegate.swift in Sources */,
				39FA47F22228481A00694BF6 /* TodayViewController.swift in Sources */,
				395B6D6A2229710D0088B687 /* TODOLIST.xcdatamodeld in Sources */,
				395B6D972229AFE70088B687 /* CoreDataStack.swift in Sources */,
				39ED9149222AF7ED008E951F /* NotificationProcessor.swift in Sources */,
			);
			runOnlyForDeploymentPostprocessing = 0;
		};
/* End PBXSourcesBuildPhase section */

/* Begin PBXTargetDependency section */
		39FA47F82228481A00694BF6 /* PBXTargetDependency */ = {
			isa = PBXTargetDependency;
			target = 39FA47EC2228481A00694BF6 /* Widget */;
			targetProxy = 39FA47F72228481A00694BF6 /* PBXContainerItemProxy */;
		};
/* End PBXTargetDependency section */

/* Begin PBXVariantGroup section */
		393DCE7E221AB387003B26BA /* Main.storyboard */ = {
			isa = PBXVariantGroup;
			children = (
				393DCE7F221AB387003B26BA /* Base */,
			);
			name = Main.storyboard;
			sourceTree = "<group>";
		};
		393DCE83221AB387003B26BA /* LaunchScreen.storyboard */ = {
			isa = PBXVariantGroup;
			children = (
				393DCE84221AB387003B26BA /* Base */,
			);
			name = LaunchScreen.storyboard;
			sourceTree = "<group>";
		};
		39FA47F32228481A00694BF6 /* MainInterface.storyboard */ = {
			isa = PBXVariantGroup;
			children = (
				39FA47F42228481A00694BF6 /* Base */,
			);
			name = MainInterface.storyboard;
			sourceTree = "<group>";
		};
/* End PBXVariantGroup section */

/* Begin XCBuildConfiguration section */
		393DCE87221AB387003B26BA /* Debug */ = {
			isa = XCBuildConfiguration;
			buildSettings = {
				ALWAYS_SEARCH_USER_PATHS = NO;
				APPLICATION_EXTENSION_API_ONLY = NO;
				CLANG_ANALYZER_NONNULL = YES;
				CLANG_ANALYZER_NUMBER_OBJECT_CONVERSION = YES_AGGRESSIVE;
				CLANG_CXX_LANGUAGE_STANDARD = "gnu++14";
				CLANG_CXX_LIBRARY = "libc++";
				CLANG_ENABLE_MODULES = YES;
				CLANG_ENABLE_OBJC_ARC = YES;
				CLANG_ENABLE_OBJC_WEAK = YES;
				CLANG_WARN_BLOCK_CAPTURE_AUTORELEASING = YES;
				CLANG_WARN_BOOL_CONVERSION = YES;
				CLANG_WARN_COMMA = YES;
				CLANG_WARN_CONSTANT_CONVERSION = YES;
				CLANG_WARN_DEPRECATED_OBJC_IMPLEMENTATIONS = YES;
				CLANG_WARN_DIRECT_OBJC_ISA_USAGE = YES_ERROR;
				CLANG_WARN_DOCUMENTATION_COMMENTS = YES;
				CLANG_WARN_EMPTY_BODY = YES;
				CLANG_WARN_ENUM_CONVERSION = YES;
				CLANG_WARN_INFINITE_RECURSION = YES;
				CLANG_WARN_INT_CONVERSION = YES;
				CLANG_WARN_NON_LITERAL_NULL_CONVERSION = YES;
				CLANG_WARN_OBJC_IMPLICIT_RETAIN_SELF = YES;
				CLANG_WARN_OBJC_LITERAL_CONVERSION = YES;
				CLANG_WARN_OBJC_ROOT_CLASS = YES_ERROR;
				CLANG_WARN_RANGE_LOOP_ANALYSIS = YES;
				CLANG_WARN_STRICT_PROTOTYPES = YES;
				CLANG_WARN_SUSPICIOUS_MOVE = YES;
				CLANG_WARN_UNGUARDED_AVAILABILITY = YES_AGGRESSIVE;
				CLANG_WARN_UNREACHABLE_CODE = YES;
				CLANG_WARN__DUPLICATE_METHOD_MATCH = YES;
				CODE_SIGN_IDENTITY = "iPhone Developer";
				COPY_PHASE_STRIP = NO;
				DEBUG_INFORMATION_FORMAT = dwarf;
				ENABLE_STRICT_OBJC_MSGSEND = YES;
				ENABLE_TESTABILITY = YES;
				GCC_C_LANGUAGE_STANDARD = gnu11;
				GCC_DYNAMIC_NO_PIC = NO;
				GCC_NO_COMMON_BLOCKS = YES;
				GCC_OPTIMIZATION_LEVEL = 0;
				GCC_PREPROCESSOR_DEFINITIONS = (
					"DEBUG=1",
					"$(inherited)",
				);
				GCC_WARN_64_TO_32_BIT_CONVERSION = YES;
				GCC_WARN_ABOUT_RETURN_TYPE = YES_ERROR;
				GCC_WARN_UNDECLARED_SELECTOR = YES;
				GCC_WARN_UNINITIALIZED_AUTOS = YES_AGGRESSIVE;
				GCC_WARN_UNUSED_FUNCTION = YES;
				GCC_WARN_UNUSED_VARIABLE = YES;
				IPHONEOS_DEPLOYMENT_TARGET = 12.1;
				MTL_ENABLE_DEBUG_INFO = INCLUDE_SOURCE;
				MTL_FAST_MATH = YES;
				ONLY_ACTIVE_ARCH = YES;
				SDKROOT = iphoneos;
				SWIFT_ACTIVE_COMPILATION_CONDITIONS = DEBUG;
				SWIFT_OPTIMIZATION_LEVEL = "-Onone";
			};
			name = Debug;
		};
		393DCE88221AB387003B26BA /* Release */ = {
			isa = XCBuildConfiguration;
			buildSettings = {
				ALWAYS_SEARCH_USER_PATHS = NO;
				APPLICATION_EXTENSION_API_ONLY = NO;
				CLANG_ANALYZER_NONNULL = YES;
				CLANG_ANALYZER_NUMBER_OBJECT_CONVERSION = YES_AGGRESSIVE;
				CLANG_CXX_LANGUAGE_STANDARD = "gnu++14";
				CLANG_CXX_LIBRARY = "libc++";
				CLANG_ENABLE_MODULES = YES;
				CLANG_ENABLE_OBJC_ARC = YES;
				CLANG_ENABLE_OBJC_WEAK = YES;
				CLANG_WARN_BLOCK_CAPTURE_AUTORELEASING = YES;
				CLANG_WARN_BOOL_CONVERSION = YES;
				CLANG_WARN_COMMA = YES;
				CLANG_WARN_CONSTANT_CONVERSION = YES;
				CLANG_WARN_DEPRECATED_OBJC_IMPLEMENTATIONS = YES;
				CLANG_WARN_DIRECT_OBJC_ISA_USAGE = YES_ERROR;
				CLANG_WARN_DOCUMENTATION_COMMENTS = YES;
				CLANG_WARN_EMPTY_BODY = YES;
				CLANG_WARN_ENUM_CONVERSION = YES;
				CLANG_WARN_INFINITE_RECURSION = YES;
				CLANG_WARN_INT_CONVERSION = YES;
				CLANG_WARN_NON_LITERAL_NULL_CONVERSION = YES;
				CLANG_WARN_OBJC_IMPLICIT_RETAIN_SELF = YES;
				CLANG_WARN_OBJC_LITERAL_CONVERSION = YES;
				CLANG_WARN_OBJC_ROOT_CLASS = YES_ERROR;
				CLANG_WARN_RANGE_LOOP_ANALYSIS = YES;
				CLANG_WARN_STRICT_PROTOTYPES = YES;
				CLANG_WARN_SUSPICIOUS_MOVE = YES;
				CLANG_WARN_UNGUARDED_AVAILABILITY = YES_AGGRESSIVE;
				CLANG_WARN_UNREACHABLE_CODE = YES;
				CLANG_WARN__DUPLICATE_METHOD_MATCH = YES;
				CODE_SIGN_IDENTITY = "iPhone Developer";
				COPY_PHASE_STRIP = NO;
				DEBUG_INFORMATION_FORMAT = "dwarf-with-dsym";
				ENABLE_NS_ASSERTIONS = NO;
				ENABLE_STRICT_OBJC_MSGSEND = YES;
				GCC_C_LANGUAGE_STANDARD = gnu11;
				GCC_NO_COMMON_BLOCKS = YES;
				GCC_WARN_64_TO_32_BIT_CONVERSION = YES;
				GCC_WARN_ABOUT_RETURN_TYPE = YES_ERROR;
				GCC_WARN_UNDECLARED_SELECTOR = YES;
				GCC_WARN_UNINITIALIZED_AUTOS = YES_AGGRESSIVE;
				GCC_WARN_UNUSED_FUNCTION = YES;
				GCC_WARN_UNUSED_VARIABLE = YES;
				IPHONEOS_DEPLOYMENT_TARGET = 12.1;
				MTL_ENABLE_DEBUG_INFO = NO;
				MTL_FAST_MATH = YES;
				SDKROOT = iphoneos;
				SWIFT_COMPILATION_MODE = wholemodule;
				SWIFT_OPTIMIZATION_LEVEL = "-O";
				VALIDATE_PRODUCT = YES;
			};
			name = Release;
		};
		393DCE8A221AB387003B26BA /* Debug */ = {
			isa = XCBuildConfiguration;
			baseConfigurationReference = 152A2392D741390876EC427F /* Pods-TODOLIST.debug.xcconfig */;
			buildSettings = {
				ALWAYS_EMBED_SWIFT_STANDARD_LIBRARIES = YES;
				APPLICATION_EXTENSION_API_ONLY = NO;
				ASSETCATALOG_COMPILER_APPICON_NAME = AppIcon;
				CLANG_ENABLE_OBJC_ARC = NO;
				CODE_SIGN_ENTITLEMENTS = TODOLIST/TODOLIST.entitlements;
				CODE_SIGN_STYLE = Automatic;
				DEVELOPMENT_TEAM = 6843LQ44V6;
				FRAMEWORK_SEARCH_PATHS = (
					"$(inherited)",
					"$(PROJECT_DIR)/DaumMap.embeddedframework",
				);
				INFOPLIST_FILE = TODOLIST/Info.plist;
				LD_RUNPATH_SEARCH_PATHS = (
					"$(inherited)",
					"@executable_path/Frameworks",
				);
				LIBRARY_SEARCH_PATHS = (
					"$(inherited)",
					"$(PROJECT_DIR)/DaumMap.embeddedframework/Resources",
				);
				PRODUCT_BUNDLE_IDENTIFIER = com.rak.TODOLIST;
				PRODUCT_NAME = "$(TARGET_NAME)";
				SWIFT_OBJC_BRIDGING_HEADER = /Users/rak/Swift/TODOLIST/TODOLIST/BridgingHeader.h;
				SWIFT_VERSION = 4.2;
				TARGETED_DEVICE_FAMILY = "1,2";
			};
			name = Debug;
		};
		393DCE8B221AB387003B26BA /* Release */ = {
			isa = XCBuildConfiguration;
			baseConfigurationReference = 08AD5C927A6F6FFF238510FD /* Pods-TODOLIST.release.xcconfig */;
			buildSettings = {
				ALWAYS_EMBED_SWIFT_STANDARD_LIBRARIES = YES;
				APPLICATION_EXTENSION_API_ONLY = NO;
				ASSETCATALOG_COMPILER_APPICON_NAME = AppIcon;
				CLANG_ENABLE_OBJC_ARC = NO;
				CODE_SIGN_ENTITLEMENTS = TODOLIST/TODOLIST.entitlements;
				CODE_SIGN_STYLE = Automatic;
				DEVELOPMENT_TEAM = 6843LQ44V6;
				FRAMEWORK_SEARCH_PATHS = (
					"$(inherited)",
					"$(PROJECT_DIR)/DaumMap.embeddedframework",
				);
				INFOPLIST_FILE = TODOLIST/Info.plist;
				LD_RUNPATH_SEARCH_PATHS = (
					"$(inherited)",
					"@executable_path/Frameworks",
				);
				LIBRARY_SEARCH_PATHS = (
					"$(inherited)",
					"$(PROJECT_DIR)/DaumMap.embeddedframework/Resources",
				);
				PRODUCT_BUNDLE_IDENTIFIER = com.rak.TODOLIST;
				PRODUCT_NAME = "$(TARGET_NAME)";
				SWIFT_OBJC_BRIDGING_HEADER = /Users/rak/Swift/TODOLIST/TODOLIST/BridgingHeader.h;
				SWIFT_VERSION = 4.2;
				TARGETED_DEVICE_FAMILY = "1,2";
			};
			name = Release;
		};
		39FA47FA2228481A00694BF6 /* Debug */ = {
			isa = XCBuildConfiguration;
			baseConfigurationReference = 6755A27F4D6075AFBC751801 /* Pods-Widget.debug.xcconfig */;
			buildSettings = {
				APPLICATION_EXTENSION_API_ONLY = YES;
				CODE_SIGN_ENTITLEMENTS = Widget/Widget.entitlements;
				CODE_SIGN_STYLE = Automatic;
				DEVELOPMENT_TEAM = 6843LQ44V6;
				INFOPLIST_FILE = Widget/Info.plist;
				LD_RUNPATH_SEARCH_PATHS = (
					"$(inherited)",
					"@executable_path/Frameworks",
					"@executable_path/../../Frameworks",
				);
				PRODUCT_BUNDLE_IDENTIFIER = com.rak.TODOLIST.Widget;
				PRODUCT_NAME = "$(TARGET_NAME)";
				SKIP_INSTALL = YES;
				SWIFT_VERSION = 4.2;
				TARGETED_DEVICE_FAMILY = "1,2";
			};
			name = Debug;
		};
		39FA47FB2228481A00694BF6 /* Release */ = {
			isa = XCBuildConfiguration;
			baseConfigurationReference = 76DD0C029FE242102D86FFE7 /* Pods-Widget.release.xcconfig */;
			buildSettings = {
				APPLICATION_EXTENSION_API_ONLY = YES;
				CODE_SIGN_ENTITLEMENTS = Widget/Widget.entitlements;
				CODE_SIGN_STYLE = Automatic;
				DEVELOPMENT_TEAM = 6843LQ44V6;
				INFOPLIST_FILE = Widget/Info.plist;
				LD_RUNPATH_SEARCH_PATHS = (
					"$(inherited)",
					"@executable_path/Frameworks",
					"@executable_path/../../Frameworks",
				);
				PRODUCT_BUNDLE_IDENTIFIER = com.rak.TODOLIST.Widget;
				PRODUCT_NAME = "$(TARGET_NAME)";
				SKIP_INSTALL = YES;
				SWIFT_VERSION = 4.2;
				TARGETED_DEVICE_FAMILY = "1,2";
			};
			name = Release;
		};
/* End XCBuildConfiguration section */

/* Begin XCConfigurationList section */
		393DCE72221AB387003B26BA /* Build configuration list for PBXProject "TODOLIST" */ = {
			isa = XCConfigurationList;
			buildConfigurations = (
				393DCE87221AB387003B26BA /* Debug */,
				393DCE88221AB387003B26BA /* Release */,
			);
			defaultConfigurationIsVisible = 0;
			defaultConfigurationName = Release;
		};
		393DCE89221AB387003B26BA /* Build configuration list for PBXNativeTarget "TODOLIST" */ = {
			isa = XCConfigurationList;
			buildConfigurations = (
				393DCE8A221AB387003B26BA /* Debug */,
				393DCE8B221AB387003B26BA /* Release */,
			);
			defaultConfigurationIsVisible = 0;
			defaultConfigurationName = Release;
		};
		39FA47FC2228481A00694BF6 /* Build configuration list for PBXNativeTarget "Widget" */ = {
			isa = XCConfigurationList;
			buildConfigurations = (
				39FA47FA2228481A00694BF6 /* Debug */,
				39FA47FB2228481A00694BF6 /* Release */,
			);
			defaultConfigurationIsVisible = 0;
			defaultConfigurationName = Release;
		};
/* End XCConfigurationList section */

/* Begin XCVersionGroup section */
		3915EB2B221EF2EF00B5857D /* TODOLIST.xcdatamodeld */ = {
			isa = XCVersionGroup;
			children = (
				3915EB2C221EF2EF00B5857D /* TODOLIST.xcdatamodel */,
			);
			currentVersion = 3915EB2C221EF2EF00B5857D /* TODOLIST.xcdatamodel */;
			path = TODOLIST.xcdatamodeld;
			sourceTree = "<group>";
			versionGroupType = wrapper.xcdatamodel;
		};
/* End XCVersionGroup section */
	};
	rootObject = 393DCE6F221AB387003B26BA /* Project object */;
}
